{
    "_readme": [
        "This file locks the dependencies of your project to a known state",
        "Read more about it at https://getcomposer.org/doc/01-basic-usage.md#composer-lock-the-lock-file",
        "This file is @generated automatically"
    ],
    "hash": "5b7e7159d1c1b07c05e3657da0115edd",
    "content-hash": "e594b69b1a2e8bb772e8d57a29dc60f6",
    "packages": [
        {
            "name": "fwk/xml",
            "version": "dev-master",
            "target-dir": "Fwk/Xml",
            "source": {
                "type": "git",
                "url": "https://github.com/fwk/Xml.git",
                "reference": "5982e892541e5ce3f099f86b7dc63867eba32f73"
            },
            "dist": {
                "type": "zip",
                "url": "https://api.github.com/repos/fwk/Xml/zipball/5982e892541e5ce3f099f86b7dc63867eba32f73",
                "reference": "5982e892541e5ce3f099f86b7dc63867eba32f73",
                "shasum": ""
            },
            "require": {
                "php": ">=5.3.0"
            },
            "type": "library",
            "autoload": {
                "psr-0": {
                    "Fwk\\Xml": ""
                }
            },
            "notification-url": "https://packagist.org/downloads/",
            "license": [
                "BSD"
            ],
            "authors": [
                {
                    "name": "Julien",
                    "email": "julien@nitronet.org"
                }
            ],
            "description": "XML Parsing and Validation Utility",
            "keywords": [
                "Xpath",
                "framework",
                "library",
                "parsing",
                "utility",
                "xml"
            ],
            "time": "2014-03-25 15:01:33"
        },
        {
            "name": "symfony/console",
            "version": "dev-master",
            "source": {
                "type": "git",
                "url": "https://github.com/symfony/console.git",
                "reference": "4950c20a1e439121847f538205dad6a6fa525370"
            },
            "dist": {
                "type": "zip",
                "url": "https://api.github.com/repos/symfony/console/zipball/4950c20a1e439121847f538205dad6a6fa525370",
                "reference": "4950c20a1e439121847f538205dad6a6fa525370",
                "shasum": ""
            },
            "require": {
                "php": ">=5.5.9"
            },
            "require-dev": {
                "psr/log": "~1.0",
                "symfony/event-dispatcher": "~2.8|~3.0",
                "symfony/phpunit-bridge": "~2.8|~3.0",
                "symfony/process": "~2.8|~3.0"
            },
            "suggest": {
                "psr/log": "For using the console logger",
                "symfony/event-dispatcher": "",
                "symfony/process": ""
            },
            "type": "library",
            "extra": {
                "branch-alias": {
                    "dev-master": "3.0-dev"
                }
            },
            "autoload": {
                "psr-4": {
                    "Symfony\\Component\\Console\\": ""
                }
            },
            "notification-url": "https://packagist.org/downloads/",
            "license": [
                "MIT"
            ],
            "authors": [
                {
                    "name": "Fabien Potencier",
                    "email": "fabien@symfony.com"
                },
                {
                    "name": "Symfony Community",
                    "homepage": "https://symfony.com/contributors"
                }
            ],
            "description": "Symfony Console Component",
            "homepage": "https://symfony.com",
            "time": "2015-10-07 07:44:07"
        }
    ],
    "packages-dev": [
        {
            "name": "neiluj/phactory",
            "version": "dev-master",
            "source": {
                "type": "git",
                "url": "https://github.com/neiluJ/phactory.git",
                "reference": "57a12e4f39cb9e386379b7c03fc464501428c74d"
            },
            "dist": {
                "type": "zip",
                "url": "https://api.github.com/repos/neiluJ/phactory/zipball/57a12e4f39cb9e386379b7c03fc464501428c74d",
                "reference": "57a12e4f39cb9e386379b7c03fc464501428c74d",
                "shasum": ""
            },
            "require": {
                "php": ">=5.3.2",
                "symfony/console": "dev-master"
            },
            "type": "utility",
            "autoload": {
                "psr-0": {
                    "Phactory": "src/"
                }
            },
            "notification-url": "https://packagist.org/downloads/",
            "license": [
                "BSD-3-Clause"
            ],
            "authors": [
                {
                    "name": "Julien",
                    "email": "julien@nitronet.org"
                }
            ],
            "description": "Phar Archive Maker for PHP Projects",
            "keywords": [
                "archive",
                "make",
                "phar"
            ],
            "time": "2012-11-09 22:54:38"
        }
    ],
    "aliases": [],
    "minimum-stability": "dev",
    "stability-flags": {
        "fwk/xml": 20,
        "symfony/console": 20,
        "neiluj/phactory": 20
    },
    "prefer-stable": false,
    "prefer-lowest": false,
    "platform": {
        "php": ">=5.5"
    },
    "platform-dev": []
}
